
Microsoft Visual Studio Solution File, Format Version 12.00
# Visual Studio Version 17
VisualStudioVersion = 17.14.36623.8
MinimumVisualStudioVersion = 10.0.40219.1
Project("{F184B08F-C81C-45F6-A57F-5ABD9991F28F}") = "BankSimulationGUI", "BankSimulationGUI\BankSimulationGUI.vbproj", "{78D11714-5DCB-43EE-A03D-169B16212940}"
EndProject
Global
	GlobalSection(SolutionConfigurationPlatforms) = preSolution
		Debug|Any CPU = Debug|Any CPU
		Release|Any CPU = Release|Any CPU
	EndGlobalSection
	GlobalSection(ProjectConfigurationPlatforms) = postSolution
		{78D11714-5DCB-43EE-A03D-169B16212940}.Debug|Any CPU.ActiveCfg = Debug|Any CPU
		{78D11714-5DCB-43EE-A03D-169B16212940}.Debug|Any CPU.Build.0 = Debug|Any CPU
		{78D11714-5DCB-43EE-A03D-169B16212940}.Release|Any CPU.ActiveCfg = Release|Any CPU
		{78D11714-5DCB-43EE-A03D-169B16212940}.Release|Any CPU.Build.0 = Release|Any CPU
	EndGlobalSection
	GlobalSection(SolutionProperties) = preSolution
		HideSolutionNode = FALSE
	EndGlobalSection
	GlobalSection(ExtensibilityGlobals) = postSolution
		SolutionGuid = {F29F9488-C66E-4EC6-9238-421B3540D9FE}
	EndGlobalSection
EndGlobal
